
Microsoft Visual Studio Solution File, Format Version 12.00
# Visual Studio Version 17
VisualStudioVersion = 17.6.33723.286
MinimumVisualStudioVersion = 10.0.40219.1
Project("{9A19103F-16F7-4668-BE54-9A1E7A4F7556}") = "Inventory system", "Inventory system.csproj", "{D3EB906A-E91A-4EEC-B21F-E50D1F84DF07}"
EndProject
Global
	GlobalSection(SolutionConfigurationPlatforms) = preSolution
		Debug|Any CPU = Debug|Any CPU
		Release|Any CPU = Release|Any CPU
	EndGlobalSection
	GlobalSection(ProjectConfigurationPlatforms) = postSolution
		{D3EB906A-E91A-4EEC-B21F-E50D1F84DF07}.Debug|Any CPU.ActiveCfg = Debug|Any CPU
		{D3EB906A-E91A-4EEC-B21F-E50D1F84DF07}.Debug|Any CPU.Build.0 = Debug|Any CPU
		{D3EB906A-E91A-4EEC-B21F-E50D1F84DF07}.Release|Any CPU.ActiveCfg = Release|Any CPU
		{D3EB906A-E91A-4EEC-B21F-E50D1F84DF07}.Release|Any CPU.Build.0 = Release|Any CPU
	EndGlobalSection
	GlobalSection(SolutionProperties) = preSolution
		HideSolutionNode = FALSE
	EndGlobalSection
	GlobalSection(ExtensibilityGlobals) = postSolution
		SolutionGuid = {7AB0F490-57CC-40CD-8ACD-9A99D78F00A6}
	EndGlobalSection
EndGlobal
